
Microsoft Visual Studio Solution File, Format Version 12.00
# Visual Studio 15
VisualStudioVersion = 15.0.27703.2042
MinimumVisualStudioVersion = 10.0.40219.1
Project("{FAE04EC0-301F-11D3-BF4B-00C04F79EFBC}") = "Lesson 19", "Lesson 19\Lesson 19.csproj", "{715F1F85-792B-464C-943D-6914F89E2B7C}"
EndProject
Global
	GlobalSection(SolutionConfigurationPlatforms) = preSolution
		Debug|Any CPU = Debug|Any CPU
		Release|Any CPU = Release|Any CPU
	EndGlobalSection
	GlobalSection(ProjectConfigurationPlatforms) = postSolution
		{715F1F85-792B-464C-943D-6914F89E2B7C}.Debug|Any CPU.ActiveCfg = Debug|Any CPU
		{715F1F85-792B-464C-943D-6914F89E2B7C}.Debug|Any CPU.Build.0 = Debug|Any CPU
		{715F1F85-792B-464C-943D-6914F89E2B7C}.Release|Any CPU.ActiveCfg = Release|Any CPU
		{715F1F85-792B-464C-943D-6914F89E2B7C}.Release|Any CPU.Build.0 = Release|Any CPU
	EndGlobalSection
	GlobalSection(SolutionProperties) = preSolution
		HideSolutionNode = FALSE
	EndGlobalSection
	GlobalSection(ExtensibilityGlobals) = postSolution
		SolutionGuid = {4FF1C68A-D850-4825-A741-DD328805FFAA}
	EndGlobalSection
EndGlobal
